{
  "name": "pravdomil-ui",
  "lockfileVersion": 2,
  "requires": true,
  "packages": {
    "": {
      "bin": {
        "pravdomil-ui": "bin/pravdomil-ui"
      },
      "devDependencies": {
        "elm-ffi": "github:pravdomil/elm-ffi"
      }
    },
    "node_modules/elm-ffi": {
      "resolved": "git+ssh://git@github.com/pravdomil/elm-ffi.git#b63dc2d1edba2e9af937a46e627c52b5b4f8ee81",
      "dev": true,
      "bin": {
        "elm-ffi": "bin/elm-ffi"
      }
    }
  },
  "dependencies": {
    "elm-ffi": {
      "version": "git+ssh://git@github.com/pravdomil/elm-ffi.git#b63dc2d1edba2e9af937a46e627c52b5b4f8ee81",
      "dev": true,
      "from": "elm-ffi@github:pravdomil/elm-ffi"
    }
  }
}
