{
  "name": "pravdomil-ui",
  "lockfileVersion": 2,
  "requires": true,
  "packages": {
    "": {
      "devDependencies": {
        "elm-ffi": "github:pravdomil/elm-ffi"
      }
    },
    "node_modules/elm-ffi": {
      "resolved": "git+ssh://git@github.com/pravdomil/elm-ffi.git#3dd99ec50eba7e70fd65f96a9faa383289faeb1c",
      "dev": true,
      "bin": {
        "elm-ffi": "bin/elm-ffi"
      }
    }
  },
  "dependencies": {
    "elm-ffi": {
      "version": "git+ssh://git@github.com/pravdomil/elm-ffi.git#3dd99ec50eba7e70fd65f96a9faa383289faeb1c",
      "dev": true,
      "from": "elm-ffi@github:pravdomil/elm-ffi"
    }
  }
}
